
Microsoft Visual Studio Solution File, Format Version 12.00
# Visual Studio Version 16
VisualStudioVersion = 16.0.33214.272
MinimumVisualStudioVersion = 10.0.40219.1
Project("{FAE04EC0-301F-11D3-BF4B-00C04F79EFBC}") = "Mission06-meldrumn", "Mission06-meldrumn\Mission06-meldrumn.csproj", "{A0FD963B-D831-42E2-832C-CAC93B6FBB9B}"
EndProject
Global
	GlobalSection(SolutionConfigurationPlatforms) = preSolution
		Debug|Any CPU = Debug|Any CPU
		Release|Any CPU = Release|Any CPU
	EndGlobalSection
	GlobalSection(ProjectConfigurationPlatforms) = postSolution
		{A0FD963B-D831-42E2-832C-CAC93B6FBB9B}.Debug|Any CPU.ActiveCfg = Debug|Any CPU
		{A0FD963B-D831-42E2-832C-CAC93B6FBB9B}.Debug|Any CPU.Build.0 = Debug|Any CPU
		{A0FD963B-D831-42E2-832C-CAC93B6FBB9B}.Release|Any CPU.ActiveCfg = Release|Any CPU
		{A0FD963B-D831-42E2-832C-CAC93B6FBB9B}.Release|Any CPU.Build.0 = Release|Any CPU
	EndGlobalSection
	GlobalSection(SolutionProperties) = preSolution
		HideSolutionNode = FALSE
	EndGlobalSection
	GlobalSection(ExtensibilityGlobals) = postSolution
		SolutionGuid = {18D9D857-48FA-446E-8E87-11AF16F1AEB5}
	EndGlobalSection
EndGlobal
